
Microsoft Visual Studio Solution File, Format Version 12.00
# Visual Studio 15
VisualStudioVersion = 15.0.27703.2047
MinimumVisualStudioVersion = 10.0.40219.1
Project("{FAE04EC0-301F-11D3-BF4B-00C04F79EFBC}") = "Brain.API", "Brain.API\Brain.API.csproj", "{E7B296CC-CA24-443E-9D0A-7A144FF44656}"
EndProject
Project("{FAE04EC0-301F-11D3-BF4B-00C04F79EFBC}") = "Brain.API.ServiceModel", "Brain.API.ServiceModel\Brain.API.ServiceModel.csproj", "{6228527A-562B-4401-ACAA-7CD19CE4EF96}"
EndProject
Project("{FAE04EC0-301F-11D3-BF4B-00C04F79EFBC}") = "Brain.API.ServiceDefinition", "Brain.API.ServiceDefinition\Brain.API.ServiceDefinition.csproj", "{6190598D-CFC9-4419-B38A-56A325687646}"
EndProject
Project("{FAE04EC0-301F-11D3-BF4B-00C04F79EFBC}") = "Brain.API.Repositories", "Brain.API.Repositories\Brain.API.Repositories.csproj", "{F4CBC0D1-BEFC-4416-A384-1395EBA23D7F}"
EndProject
Project("{FAE04EC0-301F-11D3-BF4B-00C04F79EFBC}") = "Brain.API.Managers", "Brain.API.Managers\Brain.API.Managers.csproj", "{781B05F8-B6C4-4846-8B28-3D647FCC5E9F}"
EndProject
Project("{FAE04EC0-301F-11D3-BF4B-00C04F79EFBC}") = "Brain.API.Interfaces", "Brain.API.Interfaces\Brain.API.Interfaces.csproj", "{85269C6A-BCCF-40C6-AFD5-0AE157F81283}"
EndProject
Global
	GlobalSection(SolutionConfigurationPlatforms) = preSolution
		Debug|Any CPU = Debug|Any CPU
		Release|Any CPU = Release|Any CPU
	EndGlobalSection
	GlobalSection(ProjectConfigurationPlatforms) = postSolution
		{E7B296CC-CA24-443E-9D0A-7A144FF44656}.Debug|Any CPU.ActiveCfg = Debug|Any CPU
		{E7B296CC-CA24-443E-9D0A-7A144FF44656}.Debug|Any CPU.Build.0 = Debug|Any CPU
		{E7B296CC-CA24-443E-9D0A-7A144FF44656}.Release|Any CPU.ActiveCfg = Release|Any CPU
		{E7B296CC-CA24-443E-9D0A-7A144FF44656}.Release|Any CPU.Build.0 = Release|Any CPU
		{6228527A-562B-4401-ACAA-7CD19CE4EF96}.Debug|Any CPU.ActiveCfg = Debug|Any CPU
		{6228527A-562B-4401-ACAA-7CD19CE4EF96}.Debug|Any CPU.Build.0 = Debug|Any CPU
		{6228527A-562B-4401-ACAA-7CD19CE4EF96}.Release|Any CPU.ActiveCfg = Release|Any CPU
		{6228527A-562B-4401-ACAA-7CD19CE4EF96}.Release|Any CPU.Build.0 = Release|Any CPU
		{6190598D-CFC9-4419-B38A-56A325687646}.Debug|Any CPU.ActiveCfg = Debug|Any CPU
		{6190598D-CFC9-4419-B38A-56A325687646}.Debug|Any CPU.Build.0 = Debug|Any CPU
		{6190598D-CFC9-4419-B38A-56A325687646}.Release|Any CPU.ActiveCfg = Release|Any CPU
		{6190598D-CFC9-4419-B38A-56A325687646}.Release|Any CPU.Build.0 = Release|Any CPU
		{F4CBC0D1-BEFC-4416-A384-1395EBA23D7F}.Debug|Any CPU.ActiveCfg = Debug|Any CPU
		{F4CBC0D1-BEFC-4416-A384-1395EBA23D7F}.Debug|Any CPU.Build.0 = Debug|Any CPU
		{F4CBC0D1-BEFC-4416-A384-1395EBA23D7F}.Release|Any CPU.ActiveCfg = Release|Any CPU
		{F4CBC0D1-BEFC-4416-A384-1395EBA23D7F}.Release|Any CPU.Build.0 = Release|Any CPU
		{781B05F8-B6C4-4846-8B28-3D647FCC5E9F}.Debug|Any CPU.ActiveCfg = Debug|Any CPU
		{781B05F8-B6C4-4846-8B28-3D647FCC5E9F}.Debug|Any CPU.Build.0 = Debug|Any CPU
		{781B05F8-B6C4-4846-8B28-3D647FCC5E9F}.Release|Any CPU.ActiveCfg = Release|Any CPU
		{781B05F8-B6C4-4846-8B28-3D647FCC5E9F}.Release|Any CPU.Build.0 = Release|Any CPU
		{85269C6A-BCCF-40C6-AFD5-0AE157F81283}.Debug|Any CPU.ActiveCfg = Debug|Any CPU
		{85269C6A-BCCF-40C6-AFD5-0AE157F81283}.Debug|Any CPU.Build.0 = Debug|Any CPU
		{85269C6A-BCCF-40C6-AFD5-0AE157F81283}.Release|Any CPU.ActiveCfg = Release|Any CPU
		{85269C6A-BCCF-40C6-AFD5-0AE157F81283}.Release|Any CPU.Build.0 = Release|Any CPU
	EndGlobalSection
	GlobalSection(SolutionProperties) = preSolution
		HideSolutionNode = FALSE
	EndGlobalSection
	GlobalSection(ExtensibilityGlobals) = postSolution
		SolutionGuid = {C9407053-746B-4FCA-860B-D56BE618BFD6}
	EndGlobalSection
EndGlobal
